// !$*UTF8*$!
{
	archiveVersion = 1;
	classes = {
	};
	objectVersion = 46;
	objects = {

/* Begin PBXBuildFile section */
		19C65EC3B92E162781C17590 /* libPods-网易新闻.a in Frameworks */ = {isa = PBXBuildFile; fileRef = C050AA8040B4C3DB7B0FF5DB /* libPods-网易新闻.a */; };
		C7BEEFCA1D13AB1800C51D9F /* main.m in Sources */ = {isa = PBXBuildFile; fileRef = C7BEEFC91D13AB1800C51D9F /* main.m */; };
		C7BEEFCD1D13AB1800C51D9F /* AppDelegate.m in Sources */ = {isa = PBXBuildFile; fileRef = C7BEEFCC1D13AB1800C51D9F /* AppDelegate.m */; };
		C7BEEFD51D13AB1800C51D9F /* Assets.xcassets in Resources */ = {isa = PBXBuildFile; fileRef = C7BEEFD41D13AB1800C51D9F /* Assets.xcassets */; };
		C7BEEFD81D13AB1800C51D9F /* LaunchScreen.storyboard in Resources */ = {isa = PBXBuildFile; fileRef = C7BEEFD61D13AB1800C51D9F /* LaunchScreen.storyboard */; };
		C7BEF0251D13C5B400C51D9F /* NSArray+Log.m in Sources */ = {isa = PBXBuildFile; fileRef = C7BEF0071D13C5B400C51D9F /* NSArray+Log.m */; };
		C7BEF0261D13C5B400C51D9F /* NSAttributedString+CZAdditon.m in Sources */ = {isa = PBXBuildFile; fileRef = C7BEF0091D13C5B400C51D9F /* NSAttributedString+CZAdditon.m */; };
		C7BEF0271D13C5B400C51D9F /* NSObject+CZRuntime.m in Sources */ = {isa = PBXBuildFile; fileRef = C7BEF00B1D13C5B400C51D9F /* NSObject+CZRuntime.m */; };
		C7BEF0281D13C5B400C51D9F /* NSString+CZBase64.m in Sources */ = {isa = PBXBuildFile; fileRef = C7BEF00D1D13C5B400C51D9F /* NSString+CZBase64.m */; };
		C7BEF0291D13C5B400C51D9F /* NSString+CZHash.m in Sources */ = {isa = PBXBuildFile; fileRef = C7BEF00F1D13C5B400C51D9F /* NSString+CZHash.m */; };
		C7BEF02A1D13C5B400C51D9F /* NSString+CZPath.m in Sources */ = {isa = PBXBuildFile; fileRef = C7BEF0111D13C5B400C51D9F /* NSString+CZPath.m */; };
		C7BEF02B1D13C5B400C51D9F /* UIButton+CZAddition.m in Sources */ = {isa = PBXBuildFile; fileRef = C7BEF0131D13C5B400C51D9F /* UIButton+CZAddition.m */; };
		C7BEF02C1D13C5B400C51D9F /* UIColor+CZAddition.m in Sources */ = {isa = PBXBuildFile; fileRef = C7BEF0151D13C5B400C51D9F /* UIColor+CZAddition.m */; };
		C7BEF02D1D13C5B400C51D9F /* UILabel+CZAddition.m in Sources */ = {isa = PBXBuildFile; fileRef = C7BEF0171D13C5B400C51D9F /* UILabel+CZAddition.m */; };
		C7BEF02E1D13C5B400C51D9F /* UIScreen+CZAddition.m in Sources */ = {isa = PBXBuildFile; fileRef = C7BEF0191D13C5B400C51D9F /* UIScreen+CZAddition.m */; };
		C7BEF02F1D13C5B400C51D9F /* UIView+CZAddition.m in Sources */ = {isa = PBXBuildFile; fileRef = C7BEF01B1D13C5B400C51D9F /* UIView+CZAddition.m */; };
		C7BEF0301D13C5B400C51D9F /* UIViewController+CZAddition.m in Sources */ = {isa = PBXBuildFile; fileRef = C7BEF01D1D13C5B400C51D9F /* UIViewController+CZAddition.m */; };
		C7BEF0311D13C5B400C51D9F /* CZNetworkManager.m in Sources */ = {isa = PBXBuildFile; fileRef = C7BEF0201D13C5B400C51D9F /* CZNetworkManager.m */; };
		C7BEF0351D13C65900C51D9F /* WYMainViewController.m in Sources */ = {isa = PBXBuildFile; fileRef = C7BEF0341D13C65900C51D9F /* WYMainViewController.m */; };
		C7BEF0381D13C66E00C51D9F /* WYHomeVIewController.m in Sources */ = {isa = PBXBuildFile; fileRef = C7BEF0371D13C66E00C51D9F /* WYHomeVIewController.m */; };
/* End PBXBuildFile section */

/* Begin PBXFileReference section */
		169A54DF51CD8C4025B732A7 /* Pods-网易新闻.debug.xcconfig */ = {isa = PBXFileReference; includeInIndex = 1; lastKnownFileType = text.xcconfig; name = "Pods-网易新闻.debug.xcconfig"; path = "Pods/Target Support Files/Pods-网易新闻/Pods-网易新闻.debug.xcconfig"; sourceTree = "<group>"; };
		C050AA8040B4C3DB7B0FF5DB /* libPods-网易新闻.a */ = {isa = PBXFileReference; explicitFileType = archive.ar; includeInIndex = 0; path = "libPods-网易新闻.a"; sourceTree = BUILT_PRODUCTS_DIR; };
		C7BEEFC51D13AB1800C51D9F /* 网易新闻.app */ = {isa = PBXFileReference; explicitFileType = wrapper.application; includeInIndex = 0; path = "网易新闻.app"; sourceTree = BUILT_PRODUCTS_DIR; };
		C7BEEFC91D13AB1800C51D9F /* main.m */ = {isa = PBXFileReference; lastKnownFileType = sourcecode.c.objc; path = main.m; sourceTree = "<group>"; };
		C7BEEFCB1D13AB1800C51D9F /* AppDelegate.h */ = {isa = PBXFileReference; lastKnownFileType = sourcecode.c.h; path = AppDelegate.h; sourceTree = "<group>"; };
		C7BEEFCC1D13AB1800C51D9F /* AppDelegate.m */ = {isa = PBXFileReference; lastKnownFileType = sourcecode.c.objc; path = AppDelegate.m; sourceTree = "<group>"; };
		C7BEEFD41D13AB1800C51D9F /* Assets.xcassets */ = {isa = PBXFileReference; lastKnownFileType = folder.assetcatalog; path = Assets.xcassets; sourceTree = "<group>"; };
		C7BEEFD71D13AB1800C51D9F /* Base */ = {isa = PBXFileReference; lastKnownFileType = file.storyboard; name = Base; path = Base.lproj/LaunchScreen.storyboard; sourceTree = "<group>"; };
		C7BEEFD91D13AB1800C51D9F /* Info.plist */ = {isa = PBXFileReference; lastKnownFileType = text.plist.xml; path = Info.plist; sourceTree = "<group>"; };
		C7BEF0051D13C5B400C51D9F /* CZAdditions.h */ = {isa = PBXFileReference; fileEncoding = 4; lastKnownFileType = sourcecode.c.h; path = CZAdditions.h; sourceTree = "<group>"; };
		C7BEF0061D13C5B400C51D9F /* NSArray+Log.h */ = {isa = PBXFileReference; fileEncoding = 4; lastKnownFileType = sourcecode.c.h; path = "NSArray+Log.h"; sourceTree = "<group>"; };
		C7BEF0071D13C5B400C51D9F /* NSArray+Log.m */ = {isa = PBXFileReference; fileEncoding = 4; lastKnownFileType = sourcecode.c.objc; path = "NSArray+Log.m"; sourceTree = "<group>"; };
		C7BEF0081D13C5B400C51D9F /* NSAttributedString+CZAdditon.h */ = {isa = PBXFileReference; fileEncoding = 4; lastKnownFileType = sourcecode.c.h; path = "NSAttributedString+CZAdditon.h"; sourceTree = "<group>"; };
		C7BEF0091D13C5B400C51D9F /* NSAttributedString+CZAdditon.m */ = {isa = PBXFileReference; fileEncoding = 4; lastKnownFileType = sourcecode.c.objc; path = "NSAttributedString+CZAdditon.m"; sourceTree = "<group>"; };
		C7BEF00A1D13C5B400C51D9F /* NSObject+CZRuntime.h */ = {isa = PBXFileReference; fileEncoding = 4; lastKnownFileType = sourcecode.c.h; path = "NSObject+CZRuntime.h"; sourceTree = "<group>"; };
		C7BEF00B1D13C5B400C51D9F /* NSObject+CZRuntime.m */ = {isa = PBXFileReference; fileEncoding = 4; lastKnownFileType = sourcecode.c.objc; path = "NSObject+CZRuntime.m"; sourceTree = "<group>"; };
		C7BEF00C1D13C5B400C51D9F /* NSString+CZBase64.h */ = {isa = PBXFileReference; fileEncoding = 4; lastKnownFileType = sourcecode.c.h; path = "NSString+CZBase64.h"; sourceTree = "<group>"; };
		C7BEF00D1D13C5B400C51D9F /* NSString+CZBase64.m */ = {isa = PBXFileReference; fileEncoding = 4; lastKnownFileType = sourcecode.c.objc; path = "NSString+CZBase64.m"; sourceTree = "<group>"; };
		C7BEF00E1D13C5B400C51D9F /* NSString+CZHash.h */ = {isa = PBXFileReference; fileEncoding = 4; lastKnownFileType = sourcecode.c.h; path = "NSString+CZHash.h"; sourceTree = "<group>"; };
		C7BEF00F1D13C5B400C51D9F /* NSString+CZHash.m */ = {isa = PBXFileReference; fileEncoding = 4; lastKnownFileType = sourcecode.c.objc; path = "NSString+CZHash.m"; sourceTree = "<group>"; };
		C7BEF0101D13C5B400C51D9F /* NSString+CZPath.h */ = {isa = PBXFileReference; fileEncoding = 4; lastKnownFileType = sourcecode.c.h; path = "NSString+CZPath.h"; sourceTree = "<group>"; };
		C7BEF0111D13C5B400C51D9F /* NSString+CZPath.m */ = {isa = PBXFileReference; fileEncoding = 4; lastKnownFileType = sourcecode.c.objc; path = "NSString+CZPath.m"; sourceTree = "<group>"; };
		C7BEF0121D13C5B400C51D9F /* UIButton+CZAddition.h */ = {isa = PBXFileReference; fileEncoding = 4; lastKnownFileType = sourcecode.c.h; path = "UIButton+CZAddition.h"; sourceTree = "<group>"; };
		C7BEF0131D13C5B400C51D9F /* UIButton+CZAddition.m */ = {isa = PBXFileReference; fileEncoding = 4; lastKnownFileType = sourcecode.c.objc; path = "UIButton+CZAddition.m"; sourceTree = "<group>"; };
		C7BEF0141D13C5B400C51D9F /* UIColor+CZAddition.h */ = {isa = PBXFileReference; fileEncoding = 4; lastKnownFileType = sourcecode.c.h; path = "UIColor+CZAddition.h"; sourceTree = "<group>"; };
		C7BEF0151D13C5B400C51D9F /* UIColor+CZAddition.m */ = {isa = PBXFileReference; fileEncoding = 4; lastKnownFileType = sourcecode.c.objc; path = "UIColor+CZAddition.m"; sourceTree = "<group>"; };
		C7BEF0161D13C5B400C51D9F /* UILabel+CZAddition.h */ = {isa = PBXFileReference; fileEncoding = 4; lastKnownFileType = sourcecode.c.h; path = "UILabel+CZAddition.h"; sourceTree = "<group>"; };
		C7BEF0171D13C5B400C51D9F /* UILabel+CZAddition.m */ = {isa = PBXFileReference; fileEncoding = 4; lastKnownFileType = sourcecode.c.objc; path = "UILabel+CZAddition.m"; sourceTree = "<group>"; };
		C7BEF0181D13C5B400C51D9F /* UIScreen+CZAddition.h */ = {isa = PBXFileReference; fileEncoding = 4; lastKnownFileType = sourcecode.c.h; path = "UIScreen+CZAddition.h"; sourceTree = "<group>"; };
		C7BEF0191D13C5B400C51D9F /* UIScreen+CZAddition.m */ = {isa = PBXFileReference; fileEncoding = 4; lastKnownFileType = sourcecode.c.objc; path = "UIScreen+CZAddition.m"; sourceTree = "<group>"; };
		C7BEF01A1D13C5B400C51D9F /* UIView+CZAddition.h */ = {isa = PBXFileReference; fileEncoding = 4; lastKnownFileType = sourcecode.c.h; path = "UIView+CZAddition.h"; sourceTree = "<group>"; };
		C7BEF01B1D13C5B400C51D9F /* UIView+CZAddition.m */ = {isa = PBXFileReference; fileEncoding = 4; lastKnownFileType = sourcecode.c.objc; path = "UIView+CZAddition.m"; sourceTree = "<group>"; };
		C7BEF01C1D13C5B400C51D9F /* UIViewController+CZAddition.h */ = {isa = PBXFileReference; fileEncoding = 4; lastKnownFileType = sourcecode.c.h; path = "UIViewController+CZAddition.h"; sourceTree = "<group>"; };
		C7BEF01D1D13C5B400C51D9F /* UIViewController+CZAddition.m */ = {isa = PBXFileReference; fileEncoding = 4; lastKnownFileType = sourcecode.c.objc; path = "UIViewController+CZAddition.m"; sourceTree = "<group>"; };
		C7BEF01F1D13C5B400C51D9F /* CZNetworkManager.h */ = {isa = PBXFileReference; fileEncoding = 4; lastKnownFileType = sourcecode.c.h; path = CZNetworkManager.h; sourceTree = "<group>"; };
		C7BEF0201D13C5B400C51D9F /* CZNetworkManager.m */ = {isa = PBXFileReference; fileEncoding = 4; lastKnownFileType = sourcecode.c.objc; path = CZNetworkManager.m; sourceTree = "<group>"; };
		C7BEF0331D13C65900C51D9F /* WYMainViewController.h */ = {isa = PBXFileReference; fileEncoding = 4; lastKnownFileType = sourcecode.c.h; path = WYMainViewController.h; sourceTree = "<group>"; };
		C7BEF0341D13C65900C51D9F /* WYMainViewController.m */ = {isa = PBXFileReference; fileEncoding = 4; lastKnownFileType = sourcecode.c.objc; path = WYMainViewController.m; sourceTree = "<group>"; };
		C7BEF0361D13C66E00C51D9F /* WYHomeVIewController.h */ = {isa = PBXFileReference; fileEncoding = 4; lastKnownFileType = sourcecode.c.h; path = WYHomeVIewController.h; sourceTree = "<group>"; };
		C7BEF0371D13C66E00C51D9F /* WYHomeVIewController.m */ = {isa = PBXFileReference; fileEncoding = 4; lastKnownFileType = sourcecode.c.objc; path = WYHomeVIewController.m; sourceTree = "<group>"; };
		E8F9ECDFD67C71F54423B0B1 /* Pods-网易新闻.release.xcconfig */ = {isa = PBXFileReference; includeInIndex = 1; lastKnownFileType = text.xcconfig; name = "Pods-网易新闻.release.xcconfig"; path = "Pods/Target Support Files/Pods-网易新闻/Pods-网易新闻.release.xcconfig"; sourceTree = "<group>"; };
/* End PBXFileReference section */

/* Begin PBXFrameworksBuildPhase section */
		C7BEEFC21D13AB1800C51D9F /* Frameworks */ = {
			isa = PBXFrameworksBuildPhase;
			buildActionMask = 2147483647;
			files = (
				19C65EC3B92E162781C17590 /* libPods-网易新闻.a in Frameworks */,
			);
			runOnlyForDeploymentPostprocessing = 0;
		};
/* End PBXFrameworksBuildPhase section */

/* Begin PBXGroup section */
		59814DD6BDCBC9D7544741C7 /* Pods */ = {
			isa = PBXGroup;
			children = (
				169A54DF51CD8C4025B732A7 /* Pods-网易新闻.debug.xcconfig */,
				E8F9ECDFD67C71F54423B0B1 /* Pods-网易新闻.release.xcconfig */,
			);
			name = Pods;
			sourceTree = "<group>";
		};
		9A04DC5402EF88CA3D203409 /* Frameworks */ = {
			isa = PBXGroup;
			children = (
				C050AA8040B4C3DB7B0FF5DB /* libPods-网易新闻.a */,
			);
			name = Frameworks;
			sourceTree = "<group>";
		};
		C7BEEFBC1D13AB1800C51D9F = {
			isa = PBXGroup;
			children = (
				C7BEEFC71D13AB1800C51D9F /* 网易新闻 */,
				C7BEEFC61D13AB1800C51D9F /* Products */,
				59814DD6BDCBC9D7544741C7 /* Pods */,
				9A04DC5402EF88CA3D203409 /* Frameworks */,
			);
			sourceTree = "<group>";
		};
		C7BEEFC61D13AB1800C51D9F /* Products */ = {
			isa = PBXGroup;
			children = (
				C7BEEFC51D13AB1800C51D9F /* 网易新闻.app */,
			);
			name = Products;
			sourceTree = "<group>";
		};
		C7BEEFC71D13AB1800C51D9F /* 网易新闻 */ = {
			isa = PBXGroup;
			children = (
				C7BEF0041D13C5B400C51D9F /* Classes */,
				C7BEF0241D13C5B400C51D9F /* Tools */,
				C7BEEFCB1D13AB1800C51D9F /* AppDelegate.h */,
				C7BEEFCC1D13AB1800C51D9F /* AppDelegate.m */,
				C7BEEFC81D13AB1800C51D9F /* Supporting Files */,
			);
			path = "网易新闻";
			sourceTree = "<group>";
		};
		C7BEEFC81D13AB1800C51D9F /* Supporting Files */ = {
			isa = PBXGroup;
			children = (
				C7BEEFD41D13AB1800C51D9F /* Assets.xcassets */,
				C7BEEFD61D13AB1800C51D9F /* LaunchScreen.storyboard */,
				C7BEEFD91D13AB1800C51D9F /* Info.plist */,
				C7BEEFC91D13AB1800C51D9F /* main.m */,
			);
			name = "Supporting Files";
			sourceTree = "<group>";
		};
		C7BEF0021D13C5B400C51D9F /* Home */ = {
			isa = PBXGroup;
			children = (
				C7BEF0361D13C66E00C51D9F /* WYHomeVIewController.h */,
				C7BEF0371D13C66E00C51D9F /* WYHomeVIewController.m */,
			);
			path = Home;
			sourceTree = "<group>";
		};
		C7BEF0031D13C5B400C51D9F /* Main(主要的) */ = {
			isa = PBXGroup;
			children = (
				C7BEF0331D13C65900C51D9F /* WYMainViewController.h */,
				C7BEF0341D13C65900C51D9F /* WYMainViewController.m */,
			);
			name = "Main(主要的)";
			path = Main;
			sourceTree = "<group>";
		};
		C7BEF0041D13C5B400C51D9F /* Classes */ = {
			isa = PBXGroup;
			children = (
				C7BEF0021D13C5B400C51D9F /* Home */,
				C7BEF0031D13C5B400C51D9F /* Main(主要的) */,
			);
			name = Classes;
			path = ../Pods/Classes;
			sourceTree = "<group>";
		};
		C7BEF01E1D13C5B400C51D9F /* Additions */ = {
			isa = PBXGroup;
			children = (
				C7BEF0051D13C5B400C51D9F /* CZAdditions.h */,
				C7BEF0061D13C5B400C51D9F /* NSArray+Log.h */,
				C7BEF0071D13C5B400C51D9F /* NSArray+Log.m */,
				C7BEF0081D13C5B400C51D9F /* NSAttributedString+CZAdditon.h */,
				C7BEF0091D13C5B400C51D9F /* NSAttributedString+CZAdditon.m */,
				C7BEF00A1D13C5B400C51D9F /* NSObject+CZRuntime.h */,
				C7BEF00B1D13C5B400C51D9F /* NSObject+CZRuntime.m */,
				C7BEF00C1D13C5B400C51D9F /* NSString+CZBase64.h */,
				C7BEF00D1D13C5B400C51D9F /* NSString+CZBase64.m */,
				C7BEF00E1D13C5B400C51D9F /* NSString+CZHash.h */,
				C7BEF00F1D13C5B400C51D9F /* NSString+CZHash.m */,
				C7BEF0101D13C5B400C51D9F /* NSString+CZPath.h */,
				C7BEF0111D13C5B400C51D9F /* NSString+CZPath.m */,
				C7BEF0121D13C5B400C51D9F /* UIButton+CZAddition.h */,
				C7BEF0131D13C5B400C51D9F /* UIButton+CZAddition.m */,
				C7BEF0141D13C5B400C51D9F /* UIColor+CZAddition.h */,
				C7BEF0151D13C5B400C51D9F /* UIColor+CZAddition.m */,
				C7BEF0161D13C5B400C51D9F /* UILabel+CZAddition.h */,
				C7BEF0171D13C5B400C51D9F /* UILabel+CZAddition.m */,
				C7BEF0181D13C5B400C51D9F /* UIScreen+CZAddition.h */,
				C7BEF0191D13C5B400C51D9F /* UIScreen+CZAddition.m */,
				C7BEF01A1D13C5B400C51D9F /* UIView+CZAddition.h */,
				C7BEF01B1D13C5B400C51D9F /* UIView+CZAddition.m */,
				C7BEF01C1D13C5B400C51D9F /* UIViewController+CZAddition.h */,
				C7BEF01D1D13C5B400C51D9F /* UIViewController+CZAddition.m */,
			);
			path = Additions;
			sourceTree = "<group>";
		};
		C7BEF0231D13C5B400C51D9F /* Network */ = {
			isa = PBXGroup;
			children = (
				C7BEF01F1D13C5B400C51D9F /* CZNetworkManager.h */,
				C7BEF0201D13C5B400C51D9F /* CZNetworkManager.m */,
			);
			path = Network;
			sourceTree = "<group>";
		};
		C7BEF0241D13C5B400C51D9F /* Tools */ = {
			isa = PBXGroup;
			children = (
				C7BEF01E1D13C5B400C51D9F /* Additions */,
				C7BEF0231D13C5B400C51D9F /* Network */,
			);
			name = Tools;
			path = ../Pods/Tools;
			sourceTree = "<group>";
		};
/* End PBXGroup section */

/* Begin PBXNativeTarget section */
		C7BEEFC41D13AB1800C51D9F /* 网易新闻 */ = {
			isa = PBXNativeTarget;
			buildConfigurationList = C7BEEFDC1D13AB1800C51D9F /* Build configuration list for PBXNativeTarget "网易新闻" */;
			buildPhases = (
				A4023841C1BB2EF8882F6448 /* 📦 Check Pods Manifest.lock */,
				C7BEEFC11D13AB1800C51D9F /* Sources */,
				C7BEEFC21D13AB1800C51D9F /* Frameworks */,
				C7BEEFC31D13AB1800C51D9F /* Resources */,
				1114975B3707C0985976CCFC /* 📦 Embed Pods Frameworks */,
				B81D75507D7D50ED33BB9F91 /* 📦 Copy Pods Resources */,
			);
			buildRules = (
			);
			dependencies = (
			);
			name = "网易新闻";
			productName = "网易新闻";
			productReference = C7BEEFC51D13AB1800C51D9F /* 网易新闻.app */;
			productType = "com.apple.product-type.application";
		};
/* End PBXNativeTarget section */

/* Begin PBXProject section */
		C7BEEFBD1D13AB1800C51D9F /* Project object */ = {
			isa = PBXProject;
			attributes = {
				CLASSPREFIX = WY;
				LastUpgradeCheck = 0730;
				ORGANIZATIONNAME = "霍福岩";
				TargetAttributes = {
					C7BEEFC41D13AB1800C51D9F = {
						CreatedOnToolsVersion = 7.3.1;
					};
				};
			};
			buildConfigurationList = C7BEEFC01D13AB1800C51D9F /* Build configuration list for PBXProject "网易新闻" */;
			compatibilityVersion = "Xcode 3.2";
			developmentRegion = English;
			hasScannedForEncodings = 0;
			knownRegions = (
				en,
				Base,
			);
			mainGroup = C7BEEFBC1D13AB1800C51D9F;
			productRefGroup = C7BEEFC61D13AB1800C51D9F /* Products */;
			projectDirPath = "";
			projectRoot = "";
			targets = (
				C7BEEFC41D13AB1800C51D9F /* 网易新闻 */,
			);
		};
/* End PBXProject section */

/* Begin PBXResourcesBuildPhase section */
		C7BEEFC31D13AB1800C51D9F /* Resources */ = {
			isa = PBXResourcesBuildPhase;
			buildActionMask = 2147483647;
			files = (
				C7BEEFD81D13AB1800C51D9F /* LaunchScreen.storyboard in Resources */,
				C7BEEFD51D13AB1800C51D9F /* Assets.xcassets in Resources */,
			);
			runOnlyForDeploymentPostprocessing = 0;
		};
/* End PBXResourcesBuildPhase section */

/* Begin PBXShellScriptBuildPhase section */
		1114975B3707C0985976CCFC /* 📦 Embed Pods Frameworks */ = {
			isa = PBXShellScriptBuildPhase;
			buildActionMask = 2147483647;
			files = (
			);
			inputPaths = (
			);
			name = "📦 Embed Pods Frameworks";
			outputPaths = (
			);
			runOnlyForDeploymentPostprocessing = 0;
			shellPath = /bin/sh;
			shellScript = "\"${SRCROOT}/Pods/Target Support Files/Pods-网易新闻/Pods-网易新闻-frameworks.sh\"\n";
			showEnvVarsInLog = 0;
		};
		A4023841C1BB2EF8882F6448 /* 📦 Check Pods Manifest.lock */ = {
			isa = PBXShellScriptBuildPhase;
			buildActionMask = 2147483647;
			files = (
			);
			inputPaths = (
			);
			name = "📦 Check Pods Manifest.lock";
			outputPaths = (
			);
			runOnlyForDeploymentPostprocessing = 0;
			shellPath = /bin/sh;
			shellScript = "diff \"${PODS_ROOT}/../Podfile.lock\" \"${PODS_ROOT}/Manifest.lock\" > /dev/null\nif [[ $? != 0 ]] ; then\n    cat << EOM\nerror: The sandbox is not in sync with the Podfile.lock. Run 'pod install' or update your CocoaPods installation.\nEOM\n    exit 1\nfi\n";
			showEnvVarsInLog = 0;
		};
		B81D75507D7D50ED33BB9F91 /* 📦 Copy Pods Resources */ = {
			isa = PBXShellScriptBuildPhase;
			buildActionMask = 2147483647;
			files = (
			);
			inputPaths = (
			);
			name = "📦 Copy Pods Resources";
			outputPaths = (
			);
			runOnlyForDeploymentPostprocessing = 0;
			shellPath = /bin/sh;
			shellScript = "\"${SRCROOT}/Pods/Target Support Files/Pods-网易新闻/Pods-网易新闻-resources.sh\"\n";
			showEnvVarsInLog = 0;
		};
/* End PBXShellScriptBuildPhase section */

/* Begin PBXSourcesBuildPhase section */
		C7BEEFC11D13AB1800C51D9F /* Sources */ = {
			isa = PBXSourcesBuildPhase;
			buildActionMask = 2147483647;
			files = (
				C7BEF02C1D13C5B400C51D9F /* UIColor+CZAddition.m in Sources */,
				C7BEF0261D13C5B400C51D9F /* NSAttributedString+CZAdditon.m in Sources */,
				C7BEF02A1D13C5B400C51D9F /* NSString+CZPath.m in Sources */,
				C7BEF0251D13C5B400C51D9F /* NSArray+Log.m in Sources */,
				C7BEEFCD1D13AB1800C51D9F /* AppDelegate.m in Sources */,
				C7BEF02B1D13C5B400C51D9F /* UIButton+CZAddition.m in Sources */,
				C7BEF02F1D13C5B400C51D9F /* UIView+CZAddition.m in Sources */,
				C7BEF0351D13C65900C51D9F /* WYMainViewController.m in Sources */,
				C7BEF0291D13C5B400C51D9F /* NSString+CZHash.m in Sources */,
				C7BEF02D1D13C5B400C51D9F /* UILabel+CZAddition.m in Sources */,
				C7BEF0281D13C5B400C51D9F /* NSString+CZBase64.m in Sources */,
				C7BEF0271D13C5B400C51D9F /* NSObject+CZRuntime.m in Sources */,
				C7BEF0311D13C5B400C51D9F /* CZNetworkManager.m in Sources */,
				C7BEF0301D13C5B400C51D9F /* UIViewController+CZAddition.m in Sources */,
				C7BEF02E1D13C5B400C51D9F /* UIScreen+CZAddition.m in Sources */,
				C7BEEFCA1D13AB1800C51D9F /* main.m in Sources */,
				C7BEF0381D13C66E00C51D9F /* WYHomeVIewController.m in Sources */,
			);
			runOnlyForDeploymentPostprocessing = 0;
		};
/* End PBXSourcesBuildPhase section */

/* Begin PBXVariantGroup section */
		C7BEEFD61D13AB1800C51D9F /* LaunchScreen.storyboard */ = {
			isa = PBXVariantGroup;
			children = (
				C7BEEFD71D13AB1800C51D9F /* Base */,
			);
			name = LaunchScreen.storyboard;
			sourceTree = "<group>";
		};
/* End PBXVariantGroup section */

/* Begin XCBuildConfiguration section */
		C7BEEFDA1D13AB1800C51D9F /* Debug */ = {
			isa = XCBuildConfiguration;
			buildSettings = {
				ALWAYS_SEARCH_USER_PATHS = NO;
				CLANG_ANALYZER_NONNULL = YES;
				CLANG_CXX_LANGUAGE_STANDARD = "gnu++0x";
				CLANG_CXX_LIBRARY = "libc++";
				CLANG_ENABLE_MODULES = YES;
				CLANG_ENABLE_OBJC_ARC = YES;
				CLANG_WARN_BOOL_CONVERSION = YES;
				CLANG_WARN_CONSTANT_CONVERSION = YES;
				CLANG_WARN_DIRECT_OBJC_ISA_USAGE = YES_ERROR;
				CLANG_WARN_EMPTY_BODY = YES;
				CLANG_WARN_ENUM_CONVERSION = YES;
				CLANG_WARN_INT_CONVERSION = YES;
				CLANG_WARN_OBJC_ROOT_CLASS = YES_ERROR;
				CLANG_WARN_UNREACHABLE_CODE = YES;
				CLANG_WARN__DUPLICATE_METHOD_MATCH = YES;
				"CODE_SIGN_IDENTITY[sdk=iphoneos*]" = "iPhone Developer";
				COPY_PHASE_STRIP = NO;
				DEBUG_INFORMATION_FORMAT = dwarf;
				ENABLE_STRICT_OBJC_MSGSEND = YES;
				ENABLE_TESTABILITY = YES;
				GCC_C_LANGUAGE_STANDARD = gnu99;
				GCC_DYNAMIC_NO_PIC = NO;
				GCC_NO_COMMON_BLOCKS = YES;
				GCC_OPTIMIZATION_LEVEL = 0;
				GCC_PREPROCESSOR_DEFINITIONS = (
					"DEBUG=1",
					"$(inherited)",
				);
				GCC_WARN_64_TO_32_BIT_CONVERSION = YES;
				GCC_WARN_ABOUT_RETURN_TYPE = YES_ERROR;
				GCC_WARN_UNDECLARED_SELECTOR = YES;
				GCC_WARN_UNINITIALIZED_AUTOS = YES_AGGRESSIVE;
				GCC_WARN_UNUSED_FUNCTION = YES;
				GCC_WARN_UNUSED_VARIABLE = YES;
				IPHONEOS_DEPLOYMENT_TARGET = 9.3;
				MTL_ENABLE_DEBUG_INFO = YES;
				ONLY_ACTIVE_ARCH = YES;
				SDKROOT = iphoneos;
				TARGETED_DEVICE_FAMILY = "1,2";
			};
			name = Debug;
		};
		C7BEEFDB1D13AB1800C51D9F /* Release */ = {
			isa = XCBuildConfiguration;
			buildSettings = {
				ALWAYS_SEARCH_USER_PATHS = NO;
				CLANG_ANALYZER_NONNULL = YES;
				CLANG_CXX_LANGUAGE_STANDARD = "gnu++0x";
				CLANG_CXX_LIBRARY = "libc++";
				CLANG_ENABLE_MODULES = YES;
				CLANG_ENABLE_OBJC_ARC = YES;
				CLANG_WARN_BOOL_CONVERSION = YES;
				CLANG_WARN_CONSTANT_CONVERSION = YES;
				CLANG_WARN_DIRECT_OBJC_ISA_USAGE = YES_ERROR;
				CLANG_WARN_EMPTY_BODY = YES;
				CLANG_WARN_ENUM_CONVERSION = YES;
				CLANG_WARN_INT_CONVERSION = YES;
				CLANG_WARN_OBJC_ROOT_CLASS = YES_ERROR;
				CLANG_WARN_UNREACHABLE_CODE = YES;
				CLANG_WARN__DUPLICATE_METHOD_MATCH = YES;
				"CODE_SIGN_IDENTITY[sdk=iphoneos*]" = "iPhone Developer";
				COPY_PHASE_STRIP = NO;
				DEBUG_INFORMATION_FORMAT = "dwarf-with-dsym";
				ENABLE_NS_ASSERTIONS = NO;
				ENABLE_STRICT_OBJC_MSGSEND = YES;
				GCC_C_LANGUAGE_STANDARD = gnu99;
				GCC_NO_COMMON_BLOCKS = YES;
				GCC_WARN_64_TO_32_BIT_CONVERSION = YES;
				GCC_WARN_ABOUT_RETURN_TYPE = YES_ERROR;
				GCC_WARN_UNDECLARED_SELECTOR = YES;
				GCC_WARN_UNINITIALIZED_AUTOS = YES_AGGRESSIVE;
				GCC_WARN_UNUSED_FUNCTION = YES;
				GCC_WARN_UNUSED_VARIABLE = YES;
				IPHONEOS_DEPLOYMENT_TARGET = 9.3;
				MTL_ENABLE_DEBUG_INFO = NO;
				SDKROOT = iphoneos;
				TARGETED_DEVICE_FAMILY = "1,2";
				VALIDATE_PRODUCT = YES;
			};
			name = Release;
		};
		C7BEEFDD1D13AB1800C51D9F /* Debug */ = {
			isa = XCBuildConfiguration;
			baseConfigurationReference = 169A54DF51CD8C4025B732A7 /* Pods-网易新闻.debug.xcconfig */;
			buildSettings = {
				ASSETCATALOG_COMPILER_APPICON_NAME = AppIcon;
				INFOPLIST_FILE = "网易新闻/Info.plist";
				IPHONEOS_DEPLOYMENT_TARGET = 8.0;
				LD_RUNPATH_SEARCH_PATHS = "$(inherited) @executable_path/Frameworks";
				PRODUCT_BUNDLE_IDENTIFIER = "itcast.study.----";
				PRODUCT_NAME = "$(TARGET_NAME)";
			};
			name = Debug;
		};
		C7BEEFDE1D13AB1800C51D9F /* Release */ = {
			isa = XCBuildConfiguration;
			baseConfigurationReference = E8F9ECDFD67C71F54423B0B1 /* Pods-网易新闻.release.xcconfig */;
			buildSettings = {
				ASSETCATALOG_COMPILER_APPICON_NAME = AppIcon;
				INFOPLIST_FILE = "网易新闻/Info.plist";
				IPHONEOS_DEPLOYMENT_TARGET = 8.0;
				LD_RUNPATH_SEARCH_PATHS = "$(inherited) @executable_path/Frameworks";
				PRODUCT_BUNDLE_IDENTIFIER = "itcast.study.----";
				PRODUCT_NAME = "$(TARGET_NAME)";
			};
			name = Release;
		};
/* End XCBuildConfiguration section */

/* Begin XCConfigurationList section */
		C7BEEFC01D13AB1800C51D9F /* Build configuration list for PBXProject "网易新闻" */ = {
			isa = XCConfigurationList;
			buildConfigurations = (
				C7BEEFDA1D13AB1800C51D9F /* Debug */,
				C7BEEFDB1D13AB1800C51D9F /* Release */,
			);
			defaultConfigurationIsVisible = 0;
			defaultConfigurationName = Release;
		};
		C7BEEFDC1D13AB1800C51D9F /* Build configuration list for PBXNativeTarget "网易新闻" */ = {
			isa = XCConfigurationList;
			buildConfigurations = (
				C7BEEFDD1D13AB1800C51D9F /* Debug */,
				C7BEEFDE1D13AB1800C51D9F /* Release */,
			);
			defaultConfigurationIsVisible = 0;
			defaultConfigurationName = Release;
		};
/* End XCConfigurationList section */
	};
	rootObject = C7BEEFBD1D13AB1800C51D9F /* Project object */;
}
